
Microsoft Visual Studio Solution File, Format Version 12.00
# Visual Studio Version 17
VisualStudioVersion = 17.11.35312.102
MinimumVisualStudioVersion = 10.0.40219.1
Project("{8BC9CEB8-8B4A-11D0-8D11-00A0C91BC942}") = "Report #1-2", "Report #1-2.vcxproj", "{B14E44A9-5089-4C36-8FD2-F1521D6825DD}"
EndProject
Global
	GlobalSection(SolutionConfigurationPlatforms) = preSolution
		Debug|x64 = Debug|x64
		Debug|x86 = Debug|x86
		Release|x64 = Release|x64
		Release|x86 = Release|x86
	EndGlobalSection
	GlobalSection(ProjectConfigurationPlatforms) = postSolution
		{B14E44A9-5089-4C36-8FD2-F1521D6825DD}.Debug|x64.ActiveCfg = Debug|x64
		{B14E44A9-5089-4C36-8FD2-F1521D6825DD}.Debug|x64.Build.0 = Debug|x64
		{B14E44A9-5089-4C36-8FD2-F1521D6825DD}.Debug|x86.ActiveCfg = Debug|Win32
		{B14E44A9-5089-4C36-8FD2-F1521D6825DD}.Debug|x86.Build.0 = Debug|Win32
		{B14E44A9-5089-4C36-8FD2-F1521D6825DD}.Release|x64.ActiveCfg = Release|x64
		{B14E44A9-5089-4C36-8FD2-F1521D6825DD}.Release|x64.Build.0 = Release|x64
		{B14E44A9-5089-4C36-8FD2-F1521D6825DD}.Release|x86.ActiveCfg = Release|Win32
		{B14E44A9-5089-4C36-8FD2-F1521D6825DD}.Release|x86.Build.0 = Release|Win32
	EndGlobalSection
	GlobalSection(SolutionProperties) = preSolution
		HideSolutionNode = FALSE
	EndGlobalSection
	GlobalSection(ExtensibilityGlobals) = postSolution
		SolutionGuid = {9727FBF7-FA81-46E0-A208-B24883D75097}
	EndGlobalSection
EndGlobal
